
Microsoft Visual Studio Solution File, Format Version 12.00
# Visual Studio Version 16
VisualStudioVersion = 16.0.32106.194
MinimumVisualStudioVersion = 10.0.40219.1
Project("{FAE04EC0-301F-11D3-BF4B-00C04F79EFBC}") = "Landmark", "Landmark\Landmark.csproj", "{CA3FF279-9783-4B18-90CA-5CA9FD77EAF3}"
EndProject
Global
	GlobalSection(SolutionConfigurationPlatforms) = preSolution
		Debug|Any CPU = Debug|Any CPU
		Release|Any CPU = Release|Any CPU
	EndGlobalSection
	GlobalSection(ProjectConfigurationPlatforms) = postSolution
		{CA3FF279-9783-4B18-90CA-5CA9FD77EAF3}.Debug|Any CPU.ActiveCfg = Debug|Any CPU
		{CA3FF279-9783-4B18-90CA-5CA9FD77EAF3}.Debug|Any CPU.Build.0 = Debug|Any CPU
		{CA3FF279-9783-4B18-90CA-5CA9FD77EAF3}.Release|Any CPU.ActiveCfg = Release|Any CPU
		{CA3FF279-9783-4B18-90CA-5CA9FD77EAF3}.Release|Any CPU.Build.0 = Release|Any CPU
	EndGlobalSection
	GlobalSection(SolutionProperties) = preSolution
		HideSolutionNode = FALSE
	EndGlobalSection
	GlobalSection(ExtensibilityGlobals) = postSolution
		SolutionGuid = {12DFE1FB-B83B-4313-A510-8F07FCD53DD4}
	EndGlobalSection
EndGlobal
